// !$*UTF8*$!
{
	archiveVersion = 1;
	classes = {
	};
	objectVersion = 56;
	objects = {

/* Begin PBXBuildFile section */
		B1D55D972A0F4840000308B7 /* MealApp.swift in Sources */ = {isa = PBXBuildFile; fileRef = B1D55D962A0F4840000308B7 /* MealApp.swift */; };
		B1D55D992A0F4840000308B7 /* Persistence.swift in Sources */ = {isa = PBXBuildFile; fileRef = B1D55D982A0F4840000308B7 /* Persistence.swift */; };
		B1D55D9C2A0F4840000308B7 /* Meal.xcdatamodeld in Sources */ = {isa = PBXBuildFile; fileRef = B1D55D9A2A0F4840000308B7 /* Meal.xcdatamodeld */; };
		B1D55D9E2A0F4840000308B7 /* ContentView.swift in Sources */ = {isa = PBXBuildFile; fileRef = B1D55D9D2A0F4840000308B7 /* ContentView.swift */; };
		B1D55DA02A0F4842000308B7 /* Assets.xcassets in Resources */ = {isa = PBXBuildFile; fileRef = B1D55D9F2A0F4842000308B7 /* Assets.xcassets */; };
		B1D55DA42A0F4842000308B7 /* Preview Assets.xcassets in Resources */ = {isa = PBXBuildFile; fileRef = B1D55DA32A0F4842000308B7 /* Preview Assets.xcassets */; };
		B1D55DAB2A0F4874000308B7 /* Meal Models.swift in Sources */ = {isa = PBXBuildFile; fileRef = B1D55DAA2A0F4874000308B7 /* Meal Models.swift */; };
		B1D55DAD2A0F49AA000308B7 /* MealViewModel.swift in Sources */ = {isa = PBXBuildFile; fileRef = B1D55DAC2A0F49AA000308B7 /* MealViewModel.swift */; };
		B1D55DAF2A0F4B6E000308B7 /* MealsView.swift in Sources */ = {isa = PBXBuildFile; fileRef = B1D55DAE2A0F4B6E000308B7 /* MealsView.swift */; };
		B1D55DB12A0F4FE0000308B7 /* MealDetailViewModel.swift in Sources */ = {isa = PBXBuildFile; fileRef = B1D55DB02A0F4FE0000308B7 /* MealDetailViewModel.swift */; };
		B1D55DB32A0F50AE000308B7 /* MealDetailView.swift in Sources */ = {isa = PBXBuildFile; fileRef = B1D55DB22A0F50AE000308B7 /* MealDetailView.swift */; };
		B1D55DB52A0F85A5000308B7 /* CategoryViewModel.swift in Sources */ = {isa = PBXBuildFile; fileRef = B1D55DB42A0F85A5000308B7 /* CategoryViewModel.swift */; };
		B1D55DB72A0F8642000308B7 /* CategoriesView.swift in Sources */ = {isa = PBXBuildFile; fileRef = B1D55DB62A0F8642000308B7 /* CategoriesView.swift */; };
		B1D55DBD2A102DDA000308B7 /* URLS.swift in Sources */ = {isa = PBXBuildFile; fileRef = B1D55DBC2A102DDA000308B7 /* URLS.swift */; };
		B1D55DBF2A102E3B000308B7 /* MealError.swift in Sources */ = {isa = PBXBuildFile; fileRef = B1D55DBE2A102E3B000308B7 /* MealError.swift */; };
		B1D55DC12A10364F000308B7 /* MealInfoView.swift in Sources */ = {isa = PBXBuildFile; fileRef = B1D55DC02A10364F000308B7 /* MealInfoView.swift */; };
		B1D55DC32A10372D000308B7 /* MealIngredientsView.swift in Sources */ = {isa = PBXBuildFile; fileRef = B1D55DC22A10372D000308B7 /* MealIngredientsView.swift */; };
		B1D55DC52A103782000308B7 /* MealInstructionsView.swift in Sources */ = {isa = PBXBuildFile; fileRef = B1D55DC42A103782000308B7 /* MealInstructionsView.swift */; };
		B1D55DC72A1037DA000308B7 /* MealSourceView.swift in Sources */ = {isa = PBXBuildFile; fileRef = B1D55DC62A1037DA000308B7 /* MealSourceView.swift */; };
		B1D55DC92A103858000308B7 /* MealDetailHeaderView.swift in Sources */ = {isa = PBXBuildFile; fileRef = B1D55DC82A103858000308B7 /* MealDetailHeaderView.swift */; };
		B1D55DCB2A1052D2000308B7 /* Extensions.swift in Sources */ = {isa = PBXBuildFile; fileRef = B1D55DCA2A1052D2000308B7 /* Extensions.swift */; };
		B1E4FD102A10C27000276B7A /* MealMenuHeaderView.swift in Sources */ = {isa = PBXBuildFile; fileRef = B1E4FD0F2A10C27000276B7A /* MealMenuHeaderView.swift */; };
		B1E4FD122A10C2E500276B7A /* MealIconView.swift in Sources */ = {isa = PBXBuildFile; fileRef = B1E4FD112A10C2E500276B7A /* MealIconView.swift */; };
		B1E4FD152A1121C600276B7A /* SplashView.swift in Sources */ = {isa = PBXBuildFile; fileRef = B1E4FD142A1121C600276B7A /* SplashView.swift */; };
		B1E4FD182A112AC900276B7A /* RotatingImageView.swift in Sources */ = {isa = PBXBuildFile; fileRef = B1E4FD172A112AC900276B7A /* RotatingImageView.swift */; };
		B1E4FD1A2A112C1200276B7A /* CategoryModels.swift in Sources */ = {isa = PBXBuildFile; fileRef = B1E4FD192A112C1200276B7A /* CategoryModels.swift */; };
		B1E4FD212A11715800276B7A /* readme.md in Resources */ = {isa = PBXBuildFile; fileRef = B1E4FD202A11715800276B7A /* readme.md */; };
/* End PBXBuildFile section */

/* Begin PBXFileReference section */
		B1D55D932A0F4840000308B7 /* Meal.app */ = {isa = PBXFileReference; explicitFileType = wrapper.application; includeInIndex = 0; path = Meal.app; sourceTree = BUILT_PRODUCTS_DIR; };
		B1D55D962A0F4840000308B7 /* MealApp.swift */ = {isa = PBXFileReference; lastKnownFileType = sourcecode.swift; path = MealApp.swift; sourceTree = "<group>"; };
		B1D55D982A0F4840000308B7 /* Persistence.swift */ = {isa = PBXFileReference; lastKnownFileType = sourcecode.swift; path = Persistence.swift; sourceTree = "<group>"; };
		B1D55D9B2A0F4840000308B7 /* Meal.xcdatamodel */ = {isa = PBXFileReference; lastKnownFileType = wrapper.xcdatamodel; path = Meal.xcdatamodel; sourceTree = "<group>"; };
		B1D55D9D2A0F4840000308B7 /* ContentView.swift */ = {isa = PBXFileReference; lastKnownFileType = sourcecode.swift; path = ContentView.swift; sourceTree = "<group>"; };
		B1D55D9F2A0F4842000308B7 /* Assets.xcassets */ = {isa = PBXFileReference; lastKnownFileType = folder.assetcatalog; path = Assets.xcassets; sourceTree = "<group>"; };
		B1D55DA12A0F4842000308B7 /* Meal.entitlements */ = {isa = PBXFileReference; lastKnownFileType = text.plist.entitlements; path = Meal.entitlements; sourceTree = "<group>"; };
		B1D55DA32A0F4842000308B7 /* Preview Assets.xcassets */ = {isa = PBXFileReference; lastKnownFileType = folder.assetcatalog; path = "Preview Assets.xcassets"; sourceTree = "<group>"; };
		B1D55DAA2A0F4874000308B7 /* Meal Models.swift */ = {isa = PBXFileReference; lastKnownFileType = sourcecode.swift; path = "Meal Models.swift"; sourceTree = "<group>"; };
		B1D55DAC2A0F49AA000308B7 /* MealViewModel.swift */ = {isa = PBXFileReference; lastKnownFileType = sourcecode.swift; path = MealViewModel.swift; sourceTree = "<group>"; };
		B1D55DAE2A0F4B6E000308B7 /* MealsView.swift */ = {isa = PBXFileReference; lastKnownFileType = sourcecode.swift; path = MealsView.swift; sourceTree = "<group>"; };
		B1D55DB02A0F4FE0000308B7 /* MealDetailViewModel.swift */ = {isa = PBXFileReference; lastKnownFileType = sourcecode.swift; path = MealDetailViewModel.swift; sourceTree = "<group>"; };
		B1D55DB22A0F50AE000308B7 /* MealDetailView.swift */ = {isa = PBXFileReference; lastKnownFileType = sourcecode.swift; path = MealDetailView.swift; sourceTree = "<group>"; };
		B1D55DB42A0F85A5000308B7 /* CategoryViewModel.swift */ = {isa = PBXFileReference; lastKnownFileType = sourcecode.swift; path = CategoryViewModel.swift; sourceTree = "<group>"; };
		B1D55DB62A0F8642000308B7 /* CategoriesView.swift */ = {isa = PBXFileReference; lastKnownFileType = sourcecode.swift; path = CategoriesView.swift; sourceTree = "<group>"; };
		B1D55DBC2A102DDA000308B7 /* URLS.swift */ = {isa = PBXFileReference; lastKnownFileType = sourcecode.swift; path = URLS.swift; sourceTree = "<group>"; };
		B1D55DBE2A102E3B000308B7 /* MealError.swift */ = {isa = PBXFileReference; lastKnownFileType = sourcecode.swift; path = MealError.swift; sourceTree = "<group>"; };
		B1D55DC02A10364F000308B7 /* MealInfoView.swift */ = {isa = PBXFileReference; lastKnownFileType = sourcecode.swift; path = MealInfoView.swift; sourceTree = "<group>"; };
		B1D55DC22A10372D000308B7 /* MealIngredientsView.swift */ = {isa = PBXFileReference; lastKnownFileType = sourcecode.swift; path = MealIngredientsView.swift; sourceTree = "<group>"; };
		B1D55DC42A103782000308B7 /* MealInstructionsView.swift */ = {isa = PBXFileReference; lastKnownFileType = sourcecode.swift; path = MealInstructionsView.swift; sourceTree = "<group>"; };
		B1D55DC62A1037DA000308B7 /* MealSourceView.swift */ = {isa = PBXFileReference; lastKnownFileType = sourcecode.swift; path = MealSourceView.swift; sourceTree = "<group>"; };
		B1D55DC82A103858000308B7 /* MealDetailHeaderView.swift */ = {isa = PBXFileReference; lastKnownFileType = sourcecode.swift; path = MealDetailHeaderView.swift; sourceTree = "<group>"; };
		B1D55DCA2A1052D2000308B7 /* Extensions.swift */ = {isa = PBXFileReference; lastKnownFileType = sourcecode.swift; path = Extensions.swift; sourceTree = "<group>"; };
		B1E4FD0F2A10C27000276B7A /* MealMenuHeaderView.swift */ = {isa = PBXFileReference; lastKnownFileType = sourcecode.swift; path = MealMenuHeaderView.swift; sourceTree = "<group>"; };
		B1E4FD112A10C2E500276B7A /* MealIconView.swift */ = {isa = PBXFileReference; lastKnownFileType = sourcecode.swift; path = MealIconView.swift; sourceTree = "<group>"; };
		B1E4FD142A1121C600276B7A /* SplashView.swift */ = {isa = PBXFileReference; lastKnownFileType = sourcecode.swift; path = SplashView.swift; sourceTree = "<group>"; };
		B1E4FD172A112AC900276B7A /* RotatingImageView.swift */ = {isa = PBXFileReference; lastKnownFileType = sourcecode.swift; path = RotatingImageView.swift; sourceTree = "<group>"; };
		B1E4FD192A112C1200276B7A /* CategoryModels.swift */ = {isa = PBXFileReference; lastKnownFileType = sourcecode.swift; path = CategoryModels.swift; sourceTree = "<group>"; };
		B1E4FD1F2A1170FF00276B7A /* demo_G96UiLH9.mp4 */ = {isa = PBXFileReference; lastKnownFileType = file; path = demo_G96UiLH9.mp4; sourceTree = "<group>"; };
		B1E4FD202A11715800276B7A /* readme.md */ = {isa = PBXFileReference; lastKnownFileType = net.daringfireball.markdown; path = readme.md; sourceTree = "<group>"; };
/* End PBXFileReference section */

/* Begin PBXFrameworksBuildPhase section */
		B1D55D902A0F4840000308B7 /* Frameworks */ = {
			isa = PBXFrameworksBuildPhase;
			buildActionMask = 2147483647;
			files = (
			);
			runOnlyForDeploymentPostprocessing = 0;
		};
/* End PBXFrameworksBuildPhase section */

/* Begin PBXGroup section */
		B1D55D8A2A0F4840000308B7 = {
			isa = PBXGroup;
			children = (
				B1E4FD202A11715800276B7A /* readme.md */,
				B1E4FD1E2A116F9700276B7A /* Demo */,
				B1D55D952A0F4840000308B7 /* Meal */,
				B1D55D942A0F4840000308B7 /* Products */,
			);
			sourceTree = "<group>";
		};
		B1D55D942A0F4840000308B7 /* Products */ = {
			isa = PBXGroup;
			children = (
				B1D55D932A0F4840000308B7 /* Meal.app */,
			);
			name = Products;
			sourceTree = "<group>";
		};
		B1D55D952A0F4840000308B7 /* Meal */ = {
			isa = PBXGroup;
			children = (
				B1D55DBB2A102DCA000308B7 /* Constants */,
				B1D55DBA2A102C89000308B7 /* Models */,
				B1D55DB92A102C80000308B7 /* Views */,
				B1D55DB82A102C6D000308B7 /* ViewModels */,
				B1D55D962A0F4840000308B7 /* MealApp.swift */,
				B1D55D982A0F4840000308B7 /* Persistence.swift */,
				B1D55D9F2A0F4842000308B7 /* Assets.xcassets */,
				B1D55DA12A0F4842000308B7 /* Meal.entitlements */,
				B1D55D9A2A0F4840000308B7 /* Meal.xcdatamodeld */,
				B1D55DA22A0F4842000308B7 /* Preview Content */,
			);
			path = Meal;
			sourceTree = "<group>";
		};
		B1D55DA22A0F4842000308B7 /* Preview Content */ = {
			isa = PBXGroup;
			children = (
				B1D55DA32A0F4842000308B7 /* Preview Assets.xcassets */,
			);
			path = "Preview Content";
			sourceTree = "<group>";
		};
		B1D55DB82A102C6D000308B7 /* ViewModels */ = {
			isa = PBXGroup;
			children = (
				B1D55DB42A0F85A5000308B7 /* CategoryViewModel.swift */,
				B1D55DB02A0F4FE0000308B7 /* MealDetailViewModel.swift */,
				B1D55DAC2A0F49AA000308B7 /* MealViewModel.swift */,
				B1D55DBE2A102E3B000308B7 /* MealError.swift */,
			);
			path = ViewModels;
			sourceTree = "<group>";
		};
		B1D55DB92A102C80000308B7 /* Views */ = {
			isa = PBXGroup;
			children = (
				B1E4FD162A112AB100276B7A /* SplashViews */,
				B1E4FD132A10C2FD00276B7A /* MealDetail */,
				B1E4FD0E2A10C25900276B7A /* MealMenu */,
				B1D55D9D2A0F4840000308B7 /* ContentView.swift */,
				B1D55DB62A0F8642000308B7 /* CategoriesView.swift */,
			);
			path = Views;
			sourceTree = "<group>";
		};
		B1D55DBA2A102C89000308B7 /* Models */ = {
			isa = PBXGroup;
			children = (
				B1D55DAA2A0F4874000308B7 /* Meal Models.swift */,
				B1E4FD192A112C1200276B7A /* CategoryModels.swift */,
			);
			path = Models;
			sourceTree = "<group>";
		};
		B1D55DBB2A102DCA000308B7 /* Constants */ = {
			isa = PBXGroup;
			children = (
				B1D55DBC2A102DDA000308B7 /* URLS.swift */,
				B1D55DCA2A1052D2000308B7 /* Extensions.swift */,
			);
			path = Constants;
			sourceTree = "<group>";
		};
		B1E4FD0E2A10C25900276B7A /* MealMenu */ = {
			isa = PBXGroup;
			children = (
				B1D55DC02A10364F000308B7 /* MealInfoView.swift */,
				B1D55DAE2A0F4B6E000308B7 /* MealsView.swift */,
				B1E4FD0F2A10C27000276B7A /* MealMenuHeaderView.swift */,
				B1E4FD112A10C2E500276B7A /* MealIconView.swift */,
			);
			path = MealMenu;
			sourceTree = "<group>";
		};
		B1E4FD132A10C2FD00276B7A /* MealDetail */ = {
			isa = PBXGroup;
			children = (
				B1D55DC62A1037DA000308B7 /* MealSourceView.swift */,
				B1D55DC82A103858000308B7 /* MealDetailHeaderView.swift */,
				B1D55DC42A103782000308B7 /* MealInstructionsView.swift */,
				B1D55DC22A10372D000308B7 /* MealIngredientsView.swift */,
				B1D55DB22A0F50AE000308B7 /* MealDetailView.swift */,
			);
			path = MealDetail;
			sourceTree = "<group>";
		};
		B1E4FD162A112AB100276B7A /* SplashViews */ = {
			isa = PBXGroup;
			children = (
				B1E4FD142A1121C600276B7A /* SplashView.swift */,
				B1E4FD172A112AC900276B7A /* RotatingImageView.swift */,
			);
			path = SplashViews;
			sourceTree = "<group>";
		};
		B1E4FD1E2A116F9700276B7A /* Demo */ = {
			isa = PBXGroup;
			children = (
				B1E4FD1F2A1170FF00276B7A /* demo_G96UiLH9.mp4 */,
			);
			path = Demo;
			sourceTree = "<group>";
		};
/* End PBXGroup section */

/* Begin PBXNativeTarget section */
		B1D55D922A0F4840000308B7 /* Meal */ = {
			isa = PBXNativeTarget;
			buildConfigurationList = B1D55DA72A0F4842000308B7 /* Build configuration list for PBXNativeTarget "Meal" */;
			buildPhases = (
				B1D55D8F2A0F4840000308B7 /* Sources */,
				B1D55D902A0F4840000308B7 /* Frameworks */,
				B1D55D912A0F4840000308B7 /* Resources */,
			);
			buildRules = (
			);
			dependencies = (
			);
			name = Meal;
			productName = Meal;
			productReference = B1D55D932A0F4840000308B7 /* Meal.app */;
			productType = "com.apple.product-type.application";
		};
/* End PBXNativeTarget section */

/* Begin PBXProject section */
		B1D55D8B2A0F4840000308B7 /* Project object */ = {
			isa = PBXProject;
			attributes = {
				BuildIndependentTargetsInParallel = 1;
				LastSwiftUpdateCheck = 1430;
				LastUpgradeCheck = 1430;
				TargetAttributes = {
					B1D55D922A0F4840000308B7 = {
						CreatedOnToolsVersion = 14.3;
					};
				};
			};
			buildConfigurationList = B1D55D8E2A0F4840000308B7 /* Build configuration list for PBXProject "Meal" */;
			compatibilityVersion = "Xcode 14.0";
			developmentRegion = en;
			hasScannedForEncodings = 0;
			knownRegions = (
				en,
				Base,
			);
			mainGroup = B1D55D8A2A0F4840000308B7;
			productRefGroup = B1D55D942A0F4840000308B7 /* Products */;
			projectDirPath = "";
			projectRoot = "";
			targets = (
				B1D55D922A0F4840000308B7 /* Meal */,
			);
		};
/* End PBXProject section */

/* Begin PBXResourcesBuildPhase section */
		B1D55D912A0F4840000308B7 /* Resources */ = {
			isa = PBXResourcesBuildPhase;
			buildActionMask = 2147483647;
			files = (
				B1D55DA42A0F4842000308B7 /* Preview Assets.xcassets in Resources */,
				B1E4FD212A11715800276B7A /* readme.md in Resources */,
				B1D55DA02A0F4842000308B7 /* Assets.xcassets in Resources */,
			);
			runOnlyForDeploymentPostprocessing = 0;
		};
/* End PBXResourcesBuildPhase section */

/* Begin PBXSourcesBuildPhase section */
		B1D55D8F2A0F4840000308B7 /* Sources */ = {
			isa = PBXSourcesBuildPhase;
			buildActionMask = 2147483647;
			files = (
				B1D55DB32A0F50AE000308B7 /* MealDetailView.swift in Sources */,
				B1E4FD152A1121C600276B7A /* SplashView.swift in Sources */,
				B1D55DC92A103858000308B7 /* MealDetailHeaderView.swift in Sources */,
				B1D55DBF2A102E3B000308B7 /* MealError.swift in Sources */,
				B1D55D9C2A0F4840000308B7 /* Meal.xcdatamodeld in Sources */,
				B1D55DB52A0F85A5000308B7 /* CategoryViewModel.swift in Sources */,
				B1D55DC52A103782000308B7 /* MealInstructionsView.swift in Sources */,
				B1D55D972A0F4840000308B7 /* MealApp.swift in Sources */,
				B1D55DCB2A1052D2000308B7 /* Extensions.swift in Sources */,
				B1E4FD1A2A112C1200276B7A /* CategoryModels.swift in Sources */,
				B1D55DB12A0F4FE0000308B7 /* MealDetailViewModel.swift in Sources */,
				B1D55DAD2A0F49AA000308B7 /* MealViewModel.swift in Sources */,
				B1E4FD122A10C2E500276B7A /* MealIconView.swift in Sources */,
				B1E4FD182A112AC900276B7A /* RotatingImageView.swift in Sources */,
				B1D55D9E2A0F4840000308B7 /* ContentView.swift in Sources */,
				B1E4FD102A10C27000276B7A /* MealMenuHeaderView.swift in Sources */,
				B1D55DBD2A102DDA000308B7 /* URLS.swift in Sources */,
				B1D55DC32A10372D000308B7 /* MealIngredientsView.swift in Sources */,
				B1D55DAF2A0F4B6E000308B7 /* MealsView.swift in Sources */,
				B1D55DB72A0F8642000308B7 /* CategoriesView.swift in Sources */,
				B1D55D992A0F4840000308B7 /* Persistence.swift in Sources */,
				B1D55DAB2A0F4874000308B7 /* Meal Models.swift in Sources */,
				B1D55DC72A1037DA000308B7 /* MealSourceView.swift in Sources */,
				B1D55DC12A10364F000308B7 /* MealInfoView.swift in Sources */,
			);
			runOnlyForDeploymentPostprocessing = 0;
		};
/* End PBXSourcesBuildPhase section */

/* Begin XCBuildConfiguration section */
		B1D55DA52A0F4842000308B7 /* Debug */ = {
			isa = XCBuildConfiguration;
			buildSettings = {
				ALWAYS_SEARCH_USER_PATHS = NO;
				CLANG_ANALYZER_NONNULL = YES;
				CLANG_ANALYZER_NUMBER_OBJECT_CONVERSION = YES_AGGRESSIVE;
				CLANG_CXX_LANGUAGE_STANDARD = "gnu++20";
				CLANG_ENABLE_MODULES = YES;
				CLANG_ENABLE_OBJC_ARC = YES;
				CLANG_ENABLE_OBJC_WEAK = YES;
				CLANG_WARN_BLOCK_CAPTURE_AUTORELEASING = YES;
				CLANG_WARN_BOOL_CONVERSION = YES;
				CLANG_WARN_COMMA = YES;
				CLANG_WARN_CONSTANT_CONVERSION = YES;
				CLANG_WARN_DEPRECATED_OBJC_IMPLEMENTATIONS = YES;
				CLANG_WARN_DIRECT_OBJC_ISA_USAGE = YES_ERROR;
				CLANG_WARN_DOCUMENTATION_COMMENTS = YES;
				CLANG_WARN_EMPTY_BODY = YES;
				CLANG_WARN_ENUM_CONVERSION = YES;
				CLANG_WARN_INFINITE_RECURSION = YES;
				CLANG_WARN_INT_CONVERSION = YES;
				CLANG_WARN_NON_LITERAL_NULL_CONVERSION = YES;
				CLANG_WARN_OBJC_IMPLICIT_RETAIN_SELF = YES;
				CLANG_WARN_OBJC_LITERAL_CONVERSION = YES;
				CLANG_WARN_OBJC_ROOT_CLASS = YES_ERROR;
				CLANG_WARN_QUOTED_INCLUDE_IN_FRAMEWORK_HEADER = YES;
				CLANG_WARN_RANGE_LOOP_ANALYSIS = YES;
				CLANG_WARN_STRICT_PROTOTYPES = YES;
				CLANG_WARN_SUSPICIOUS_MOVE = YES;
				CLANG_WARN_UNGUARDED_AVAILABILITY = YES_AGGRESSIVE;
				CLANG_WARN_UNREACHABLE_CODE = YES;
				CLANG_WARN__DUPLICATE_METHOD_MATCH = YES;
				COPY_PHASE_STRIP = NO;
				DEBUG_INFORMATION_FORMAT = dwarf;
				ENABLE_STRICT_OBJC_MSGSEND = YES;
				ENABLE_TESTABILITY = YES;
				GCC_C_LANGUAGE_STANDARD = gnu11;
				GCC_DYNAMIC_NO_PIC = NO;
				GCC_NO_COMMON_BLOCKS = YES;
				GCC_OPTIMIZATION_LEVEL = 0;
				GCC_PREPROCESSOR_DEFINITIONS = (
					"DEBUG=1",
					"$(inherited)",
				);
				GCC_WARN_64_TO_32_BIT_CONVERSION = YES;
				GCC_WARN_ABOUT_RETURN_TYPE = YES_ERROR;
				GCC_WARN_UNDECLARED_SELECTOR = YES;
				GCC_WARN_UNINITIALIZED_AUTOS = YES_AGGRESSIVE;
				GCC_WARN_UNUSED_FUNCTION = YES;
				GCC_WARN_UNUSED_VARIABLE = YES;
				MTL_ENABLE_DEBUG_INFO = INCLUDE_SOURCE;
				MTL_FAST_MATH = YES;
				ONLY_ACTIVE_ARCH = YES;
				SWIFT_ACTIVE_COMPILATION_CONDITIONS = DEBUG;
				SWIFT_OPTIMIZATION_LEVEL = "-Onone";
			};
			name = Debug;
		};
		B1D55DA62A0F4842000308B7 /* Release */ = {
			isa = XCBuildConfiguration;
			buildSettings = {
				ALWAYS_SEARCH_USER_PATHS = NO;
				CLANG_ANALYZER_NONNULL = YES;
				CLANG_ANALYZER_NUMBER_OBJECT_CONVERSION = YES_AGGRESSIVE;
				CLANG_CXX_LANGUAGE_STANDARD = "gnu++20";
				CLANG_ENABLE_MODULES = YES;
				CLANG_ENABLE_OBJC_ARC = YES;
				CLANG_ENABLE_OBJC_WEAK = YES;
				CLANG_WARN_BLOCK_CAPTURE_AUTORELEASING = YES;
				CLANG_WARN_BOOL_CONVERSION = YES;
				CLANG_WARN_COMMA = YES;
				CLANG_WARN_CONSTANT_CONVERSION = YES;
				CLANG_WARN_DEPRECATED_OBJC_IMPLEMENTATIONS = YES;
				CLANG_WARN_DIRECT_OBJC_ISA_USAGE = YES_ERROR;
				CLANG_WARN_DOCUMENTATION_COMMENTS = YES;
				CLANG_WARN_EMPTY_BODY = YES;
				CLANG_WARN_ENUM_CONVERSION = YES;
				CLANG_WARN_INFINITE_RECURSION = YES;
				CLANG_WARN_INT_CONVERSION = YES;
				CLANG_WARN_NON_LITERAL_NULL_CONVERSION = YES;
				CLANG_WARN_OBJC_IMPLICIT_RETAIN_SELF = YES;
				CLANG_WARN_OBJC_LITERAL_CONVERSION = YES;
				CLANG_WARN_OBJC_ROOT_CLASS = YES_ERROR;
				CLANG_WARN_QUOTED_INCLUDE_IN_FRAMEWORK_HEADER = YES;
				CLANG_WARN_RANGE_LOOP_ANALYSIS = YES;
				CLANG_WARN_STRICT_PROTOTYPES = YES;
				CLANG_WARN_SUSPICIOUS_MOVE = YES;
				CLANG_WARN_UNGUARDED_AVAILABILITY = YES_AGGRESSIVE;
				CLANG_WARN_UNREACHABLE_CODE = YES;
				CLANG_WARN__DUPLICATE_METHOD_MATCH = YES;
				COPY_PHASE_STRIP = NO;
				DEBUG_INFORMATION_FORMAT = "dwarf-with-dsym";
				ENABLE_NS_ASSERTIONS = NO;
				ENABLE_STRICT_OBJC_MSGSEND = YES;
				GCC_C_LANGUAGE_STANDARD = gnu11;
				GCC_NO_COMMON_BLOCKS = YES;
				GCC_WARN_64_TO_32_BIT_CONVERSION = YES;
				GCC_WARN_ABOUT_RETURN_TYPE = YES_ERROR;
				GCC_WARN_UNDECLARED_SELECTOR = YES;
				GCC_WARN_UNINITIALIZED_AUTOS = YES_AGGRESSIVE;
				GCC_WARN_UNUSED_FUNCTION = YES;
				GCC_WARN_UNUSED_VARIABLE = YES;
				MTL_ENABLE_DEBUG_INFO = NO;
				MTL_FAST_MATH = YES;
				SWIFT_COMPILATION_MODE = wholemodule;
				SWIFT_OPTIMIZATION_LEVEL = "-O";
			};
			name = Release;
		};
		B1D55DA82A0F4842000308B7 /* Debug */ = {
			isa = XCBuildConfiguration;
			buildSettings = {
				ASSETCATALOG_COMPILER_APPICON_NAME = AppIcon;
				ASSETCATALOG_COMPILER_GLOBAL_ACCENT_COLOR_NAME = AccentColor;
				CODE_SIGN_ENTITLEMENTS = Meal/Meal.entitlements;
				CODE_SIGN_STYLE = Automatic;
				CURRENT_PROJECT_VERSION = 1;
				DEVELOPMENT_ASSET_PATHS = "\"Meal/Preview Content\"";
				DEVELOPMENT_TEAM = 23LBXQWLYP;
				ENABLE_HARDENED_RUNTIME = YES;
				ENABLE_PREVIEWS = YES;
				GENERATE_INFOPLIST_FILE = YES;
				"INFOPLIST_KEY_UIApplicationSceneManifest_Generation[sdk=iphoneos*]" = YES;
				"INFOPLIST_KEY_UIApplicationSceneManifest_Generation[sdk=iphonesimulator*]" = YES;
				"INFOPLIST_KEY_UIApplicationSupportsIndirectInputEvents[sdk=iphoneos*]" = YES;
				"INFOPLIST_KEY_UIApplicationSupportsIndirectInputEvents[sdk=iphonesimulator*]" = YES;
				"INFOPLIST_KEY_UILaunchScreen_Generation[sdk=iphoneos*]" = YES;
				"INFOPLIST_KEY_UILaunchScreen_Generation[sdk=iphonesimulator*]" = YES;
				"INFOPLIST_KEY_UIStatusBarStyle[sdk=iphoneos*]" = UIStatusBarStyleDefault;
				"INFOPLIST_KEY_UIStatusBarStyle[sdk=iphonesimulator*]" = UIStatusBarStyleDefault;
				INFOPLIST_KEY_UISupportedInterfaceOrientations_iPad = "UIInterfaceOrientationPortrait UIInterfaceOrientationPortraitUpsideDown UIInterfaceOrientationLandscapeLeft UIInterfaceOrientationLandscapeRight";
				INFOPLIST_KEY_UISupportedInterfaceOrientations_iPhone = "UIInterfaceOrientationPortrait UIInterfaceOrientationLandscapeLeft UIInterfaceOrientationLandscapeRight";
				IPHONEOS_DEPLOYMENT_TARGET = 16.4;
				LD_RUNPATH_SEARCH_PATHS = "@executable_path/Frameworks";
				"LD_RUNPATH_SEARCH_PATHS[sdk=macosx*]" = "@executable_path/../Frameworks";
				MACOSX_DEPLOYMENT_TARGET = 13.3;
				MARKETING_VERSION = 1.0;
				PRODUCT_BUNDLE_IDENTIFIER = com.maheshsai252.Meal;
				PRODUCT_NAME = "$(TARGET_NAME)";
				SDKROOT = auto;
				SUPPORTED_PLATFORMS = "iphoneos iphonesimulator macosx";
				SWIFT_EMIT_LOC_STRINGS = YES;
				SWIFT_VERSION = 5.0;
				TARGETED_DEVICE_FAMILY = "1,2";
			};
			name = Debug;
		};
		B1D55DA92A0F4842000308B7 /* Release */ = {
			isa = XCBuildConfiguration;
			buildSettings = {
				ASSETCATALOG_COMPILER_APPICON_NAME = AppIcon;
				ASSETCATALOG_COMPILER_GLOBAL_ACCENT_COLOR_NAME = AccentColor;
				CODE_SIGN_ENTITLEMENTS = Meal/Meal.entitlements;
				CODE_SIGN_STYLE = Automatic;
				CURRENT_PROJECT_VERSION = 1;
				DEVELOPMENT_ASSET_PATHS = "\"Meal/Preview Content\"";
				DEVELOPMENT_TEAM = 23LBXQWLYP;
				ENABLE_HARDENED_RUNTIME = YES;
				ENABLE_PREVIEWS = YES;
				GENERATE_INFOPLIST_FILE = YES;
				"INFOPLIST_KEY_UIApplicationSceneManifest_Generation[sdk=iphoneos*]" = YES;
				"INFOPLIST_KEY_UIApplicationSceneManifest_Generation[sdk=iphonesimulator*]" = YES;
				"INFOPLIST_KEY_UIApplicationSupportsIndirectInputEvents[sdk=iphoneos*]" = YES;
				"INFOPLIST_KEY_UIApplicationSupportsIndirectInputEvents[sdk=iphonesimulator*]" = YES;
				"INFOPLIST_KEY_UILaunchScreen_Generation[sdk=iphoneos*]" = YES;
				"INFOPLIST_KEY_UILaunchScreen_Generation[sdk=iphonesimulator*]" = YES;
				"INFOPLIST_KEY_UIStatusBarStyle[sdk=iphoneos*]" = UIStatusBarStyleDefault;
				"INFOPLIST_KEY_UIStatusBarStyle[sdk=iphonesimulator*]" = UIStatusBarStyleDefault;
				INFOPLIST_KEY_UISupportedInterfaceOrientations_iPad = "UIInterfaceOrientationPortrait UIInterfaceOrientationPortraitUpsideDown UIInterfaceOrientationLandscapeLeft UIInterfaceOrientationLandscapeRight";
				INFOPLIST_KEY_UISupportedInterfaceOrientations_iPhone = "UIInterfaceOrientationPortrait UIInterfaceOrientationLandscapeLeft UIInterfaceOrientationLandscapeRight";
				IPHONEOS_DEPLOYMENT_TARGET = 16.4;
				LD_RUNPATH_SEARCH_PATHS = "@executable_path/Frameworks";
				"LD_RUNPATH_SEARCH_PATHS[sdk=macosx*]" = "@executable_path/../Frameworks";
				MACOSX_DEPLOYMENT_TARGET = 13.3;
				MARKETING_VERSION = 1.0;
				PRODUCT_BUNDLE_IDENTIFIER = com.maheshsai252.Meal;
				PRODUCT_NAME = "$(TARGET_NAME)";
				SDKROOT = auto;
				SUPPORTED_PLATFORMS = "iphoneos iphonesimulator macosx";
				SWIFT_EMIT_LOC_STRINGS = YES;
				SWIFT_VERSION = 5.0;
				TARGETED_DEVICE_FAMILY = "1,2";
			};
			name = Release;
		};
/* End XCBuildConfiguration section */

/* Begin XCConfigurationList section */
		B1D55D8E2A0F4840000308B7 /* Build configuration list for PBXProject "Meal" */ = {
			isa = XCConfigurationList;
			buildConfigurations = (
				B1D55DA52A0F4842000308B7 /* Debug */,
				B1D55DA62A0F4842000308B7 /* Release */,
			);
			defaultConfigurationIsVisible = 0;
			defaultConfigurationName = Release;
		};
		B1D55DA72A0F4842000308B7 /* Build configuration list for PBXNativeTarget "Meal" */ = {
			isa = XCConfigurationList;
			buildConfigurations = (
				B1D55DA82A0F4842000308B7 /* Debug */,
				B1D55DA92A0F4842000308B7 /* Release */,
			);
			defaultConfigurationIsVisible = 0;
			defaultConfigurationName = Release;
		};
/* End XCConfigurationList section */

/* Begin XCVersionGroup section */
		B1D55D9A2A0F4840000308B7 /* Meal.xcdatamodeld */ = {
			isa = XCVersionGroup;
			children = (
				B1D55D9B2A0F4840000308B7 /* Meal.xcdatamodel */,
			);
			currentVersion = B1D55D9B2A0F4840000308B7 /* Meal.xcdatamodel */;
			path = Meal.xcdatamodeld;
			sourceTree = "<group>";
			versionGroupType = wrapper.xcdatamodel;
		};
/* End XCVersionGroup section */
	};
	rootObject = B1D55D8B2A0F4840000308B7 /* Project object */;
}
